// !$*UTF8*$!
{
	archiveVersion = 1;
	classes = {
	};
	objectVersion = 46;
	objects = {

/* Begin PBXBuildFile section */
		8DC2EF530486A6940098B216 /* InfoPlist.strings in Resources */ = {isa = PBXBuildFile; fileRef = 089C1666FE841158C02AAC07 /* InfoPlist.strings */; };
		8DC2EF570486A6940098B216 /* Cocoa.framework in Frameworks */ = {isa = PBXBuildFile; fileRef = 1058C7B1FEA5585E11CA2CBB /* Cocoa.framework */; };
		CC2E990B15D6DA38000DE2D7 /* BoxDouble.h in Headers */ = {isa = PBXBuildFile; fileRef = CC2E990915D6DA38000DE2D7 /* BoxDouble.h */; };
		CC2E990C15D6DA38000DE2D7 /* BoxDouble.m in Sources */ = {isa = PBXBuildFile; fileRef = CC2E990A15D6DA38000DE2D7 /* BoxDouble.m */; };
		CC30CC1715D841A000C94076 /* ConfigButton.h in Headers */ = {isa = PBXBuildFile; fileRef = CC30CC1515D841A000C94076 /* ConfigButton.h */; };
		CC30CC1815D841A000C94076 /* ConfigButton.m in Sources */ = {isa = PBXBuildFile; fileRef = CC30CC1615D841A000C94076 /* ConfigButton.m */; };
		CC30CC1F15D8436E00C94076 /* ConfigAxis.h in Headers */ = {isa = PBXBuildFile; fileRef = CC30CC1D15D8436E00C94076 /* ConfigAxis.h */; };
		CC30CC2015D8436E00C94076 /* ConfigAxis.m in Sources */ = {isa = PBXBuildFile; fileRef = CC30CC1E15D8436E00C94076 /* ConfigAxis.m */; };
		CC30CC3215D8495600C94076 /* ConfigHIDDevice.h in Headers */ = {isa = PBXBuildFile; fileRef = CC30CC3015D8495600C94076 /* ConfigHIDDevice.h */; };
		CC30CC3315D8495600C94076 /* ConfigHIDDevice.m in Sources */ = {isa = PBXBuildFile; fileRef = CC30CC3115D8495600C94076 /* ConfigHIDDevice.m */; };
		CC467B6615D5D175005E7B3B /* BoxIOHIDElementRef.h in Headers */ = {isa = PBXBuildFile; fileRef = CC467B6415D5D175005E7B3B /* BoxIOHIDElementRef.h */; };
		CC467B6715D5D175005E7B3B /* BoxIOHIDElementRef.m in Sources */ = {isa = PBXBuildFile; fileRef = CC467B6515D5D175005E7B3B /* BoxIOHIDElementRef.m */; };
		CC65168915D537EE00637391 /* ConConnection.h in Headers */ = {isa = PBXBuildFile; fileRef = CC65168715D537EE00637391 /* ConConnection.h */; };
		CC65168A15D537EE00637391 /* ConConnection.m in Sources */ = {isa = PBXBuildFile; fileRef = CC65168815D537EE00637391 /* ConConnection.m */; };
		CC7B8E1A1B7AA7EC00D8C6D1 /* Foundation.framework in Frameworks */ = {isa = PBXBuildFile; fileRef = 0867D69BFE84028FC02AAC07 /* Foundation.framework */; };
		CC7B8E1C1B7AA98400D8C6D1 /* CoreFoundation.framework in Frameworks */ = {isa = PBXBuildFile; fileRef = CC7B8E1B1B7AA98400D8C6D1 /* CoreFoundation.framework */; };
		CC7B8E431B7AB75D00D8C6D1 /* 3DconnexionClient_Prefix.pch in Headers */ = {isa = PBXBuildFile; fileRef = 32DBCF5E0370ADEE00C91783 /* 3DconnexionClient_Prefix.pch */; };
		CCD590B115D6723400B2DDC3 /* BoxBOOL.h in Headers */ = {isa = PBXBuildFile; fileRef = CCD590AF15D6723400B2DDC3 /* BoxBOOL.h */; };
		CCD590B215D6723400B2DDC3 /* BoxBOOL.m in Sources */ = {isa = PBXBuildFile; fileRef = CCD590B015D6723400B2DDC3 /* BoxBOOL.m */; };
		CCEB011415D30AC800007040 /* ConClient.h in Headers */ = {isa = PBXBuildFile; fileRef = CCEB011215D30AC800007040 /* ConClient.h */; };
		CCEB011515D30AC800007040 /* ConClient.m in Sources */ = {isa = PBXBuildFile; fileRef = CCEB011315D30AC800007040 /* ConClient.m */; };
		CCF18E2115CEB96400B6EB63 /* IOKit.framework in Frameworks */ = {isa = PBXBuildFile; fileRef = CCF18E2015CEB96400B6EB63 /* IOKit.framework */; };
		CCF18E2A15CEB9A400B6EB63 /* HIDConnection.h in Headers */ = {isa = PBXBuildFile; fileRef = CCF18E2615CEB9A400B6EB63 /* HIDConnection.h */; };
		CCF18E2B15CEB9A400B6EB63 /* HIDConnection.m in Sources */ = {isa = PBXBuildFile; fileRef = CCF18E2715CEB9A400B6EB63 /* HIDConnection.m */; };
		CCF18E2C15CEB9A400B6EB63 /* HIDDevice.h in Headers */ = {isa = PBXBuildFile; fileRef = CCF18E2815CEB9A400B6EB63 /* HIDDevice.h */; };
		CCF18E2D15CEB9A400B6EB63 /* HIDDevice.m in Sources */ = {isa = PBXBuildFile; fileRef = CCF18E2915CEB9A400B6EB63 /* HIDDevice.m */; };
		CCF18EF915CEC94D00B6EB63 /* 3DconnexionClient.framework in CopyFiles */ = {isa = PBXBuildFile; fileRef = 8DC2EF5B0486A6940098B216 /* 3DconnexionClient.framework */; };
		CCF2BA5C15CDBB5B00BB61AD /* ConnexionClient.m in Sources */ = {isa = PBXBuildFile; fileRef = CCF2BA5915CDBB5B00BB61AD /* ConnexionClient.m */; };
		CCF2BA5D15CDBB5B00BB61AD /* ConnexionClient.h in Headers */ = {isa = PBXBuildFile; fileRef = CCF2BA5A15CDBB5B00BB61AD /* ConnexionClient.h */; settings = {ATTRIBUTES = (Public, ); }; };
		CCF2BA5E15CDBB5B00BB61AD /* ConnexionClientAPI.h in Headers */ = {isa = PBXBuildFile; fileRef = CCF2BA5B15CDBB5B00BB61AD /* ConnexionClientAPI.h */; settings = {ATTRIBUTES = (Public, ); }; };
/* End PBXBuildFile section */

/* Begin PBXCopyFilesBuildPhase section */
		CCF18EED15CEC91F00B6EB63 /* CopyFiles */ = {
			isa = PBXCopyFilesBuildPhase;
			buildActionMask = 12;
			dstPath = /Users/koehmarc/Library/Frameworks;
			dstSubfolderSpec = 0;
			files = (
				CCF18EF915CEC94D00B6EB63 /* 3DconnexionClient.framework in CopyFiles */,
			);
			runOnlyForDeploymentPostprocessing = 0;
		};
/* End PBXCopyFilesBuildPhase section */

/* Begin PBXFileReference section */
		0867D69BFE84028FC02AAC07 /* Foundation.framework */ = {isa = PBXFileReference; lastKnownFileType = wrapper.framework; name = Foundation.framework; path = /System/Library/Frameworks/Foundation.framework; sourceTree = "<absolute>"; };
		0867D6A5FE840307C02AAC07 /* AppKit.framework */ = {isa = PBXFileReference; lastKnownFileType = wrapper.framework; name = AppKit.framework; path = /System/Library/Frameworks/AppKit.framework; sourceTree = "<absolute>"; };
		1058C7B1FEA5585E11CA2CBB /* Cocoa.framework */ = {isa = PBXFileReference; lastKnownFileType = wrapper.framework; name = Cocoa.framework; path = /System/Library/Frameworks/Cocoa.framework; sourceTree = "<absolute>"; };
		32DBCF5E0370ADEE00C91783 /* 3DconnexionClient_Prefix.pch */ = {isa = PBXFileReference; fileEncoding = 4; lastKnownFileType = sourcecode.c.h; path = 3DconnexionClient_Prefix.pch; sourceTree = "<group>"; };
		8DC2EF5A0486A6940098B216 /* Info.plist */ = {isa = PBXFileReference; fileEncoding = 4; lastKnownFileType = text.plist.xml; path = Info.plist; sourceTree = "<group>"; };
		8DC2EF5B0486A6940098B216 /* 3DconnexionClient.framework */ = {isa = PBXFileReference; explicitFileType = wrapper.framework; includeInIndex = 0; path = 3DconnexionClient.framework; sourceTree = BUILT_PRODUCTS_DIR; };
		CC2E990915D6DA38000DE2D7 /* BoxDouble.h */ = {isa = PBXFileReference; fileEncoding = 4; lastKnownFileType = sourcecode.c.h; path = BoxDouble.h; sourceTree = "<group>"; };
		CC2E990A15D6DA38000DE2D7 /* BoxDouble.m */ = {isa = PBXFileReference; fileEncoding = 4; lastKnownFileType = sourcecode.c.objc; path = BoxDouble.m; sourceTree = "<group>"; };
		CC30CC1515D841A000C94076 /* ConfigButton.h */ = {isa = PBXFileReference; fileEncoding = 4; lastKnownFileType = sourcecode.c.h; path = ConfigButton.h; sourceTree = "<group>"; };
		CC30CC1615D841A000C94076 /* ConfigButton.m */ = {isa = PBXFileReference; fileEncoding = 4; lastKnownFileType = sourcecode.c.objc; path = ConfigButton.m; sourceTree = "<group>"; };
		CC30CC1D15D8436E00C94076 /* ConfigAxis.h */ = {isa = PBXFileReference; fileEncoding = 4; lastKnownFileType = sourcecode.c.h; path = ConfigAxis.h; sourceTree = "<group>"; };
		CC30CC1E15D8436E00C94076 /* ConfigAxis.m */ = {isa = PBXFileReference; fileEncoding = 4; lastKnownFileType = sourcecode.c.objc; path = ConfigAxis.m; sourceTree = "<group>"; };
		CC30CC3015D8495600C94076 /* ConfigHIDDevice.h */ = {isa = PBXFileReference; fileEncoding = 4; lastKnownFileType = sourcecode.c.h; path = ConfigHIDDevice.h; sourceTree = "<group>"; };
		CC30CC3115D8495600C94076 /* ConfigHIDDevice.m */ = {isa = PBXFileReference; fileEncoding = 4; lastKnownFileType = sourcecode.c.objc; path = ConfigHIDDevice.m; sourceTree = "<group>"; };
		CC467B6415D5D175005E7B3B /* BoxIOHIDElementRef.h */ = {isa = PBXFileReference; fileEncoding = 4; lastKnownFileType = sourcecode.c.h; path = BoxIOHIDElementRef.h; sourceTree = "<group>"; };
		CC467B6515D5D175005E7B3B /* BoxIOHIDElementRef.m */ = {isa = PBXFileReference; fileEncoding = 4; lastKnownFileType = sourcecode.c.objc; path = BoxIOHIDElementRef.m; sourceTree = "<group>"; };
		CC65168715D537EE00637391 /* ConConnection.h */ = {isa = PBXFileReference; fileEncoding = 4; lastKnownFileType = sourcecode.c.h; path = ConConnection.h; sourceTree = "<group>"; };
		CC65168815D537EE00637391 /* ConConnection.m */ = {isa = PBXFileReference; fileEncoding = 4; lastKnownFileType = sourcecode.c.objc; path = ConConnection.m; sourceTree = "<group>"; };
		CC7B8E1B1B7AA98400D8C6D1 /* CoreFoundation.framework */ = {isa = PBXFileReference; lastKnownFileType = wrapper.framework; name = CoreFoundation.framework; path = /System/Library/Frameworks/CoreFoundation.framework; sourceTree = "<absolute>"; };
		CCC8F132248BD101003A8E44 /* en */ = {isa = PBXFileReference; lastKnownFileType = text.plist.strings; name = en; path = en.lproj/InfoPlist.strings; sourceTree = "<group>"; };
		CCD590AF15D6723400B2DDC3 /* BoxBOOL.h */ = {isa = PBXFileReference; fileEncoding = 4; lastKnownFileType = sourcecode.c.h; path = BoxBOOL.h; sourceTree = "<group>"; };
		CCD590B015D6723400B2DDC3 /* BoxBOOL.m */ = {isa = PBXFileReference; fileEncoding = 4; lastKnownFileType = sourcecode.c.objc; path = BoxBOOL.m; sourceTree = "<group>"; };
		CCEB011215D30AC800007040 /* ConClient.h */ = {isa = PBXFileReference; fileEncoding = 4; lastKnownFileType = sourcecode.c.h; path = ConClient.h; sourceTree = "<group>"; };
		CCEB011315D30AC800007040 /* ConClient.m */ = {isa = PBXFileReference; fileEncoding = 4; lastKnownFileType = sourcecode.c.objc; path = ConClient.m; sourceTree = "<group>"; };
		CCF18E2015CEB96400B6EB63 /* IOKit.framework */ = {isa = PBXFileReference; lastKnownFileType = wrapper.framework; name = IOKit.framework; path = System/Library/Frameworks/IOKit.framework; sourceTree = SDKROOT; };
		CCF18E2615CEB9A400B6EB63 /* HIDConnection.h */ = {isa = PBXFileReference; fileEncoding = 4; lastKnownFileType = sourcecode.c.h; path = HIDConnection.h; sourceTree = "<group>"; };
		CCF18E2715CEB9A400B6EB63 /* HIDConnection.m */ = {isa = PBXFileReference; fileEncoding = 4; lastKnownFileType = sourcecode.c.objc; path = HIDConnection.m; sourceTree = "<group>"; };
		CCF18E2815CEB9A400B6EB63 /* HIDDevice.h */ = {isa = PBXFileReference; fileEncoding = 4; lastKnownFileType = sourcecode.c.h; path = HIDDevice.h; sourceTree = "<group>"; };
		CCF18E2915CEB9A400B6EB63 /* HIDDevice.m */ = {isa = PBXFileReference; fileEncoding = 4; lastKnownFileType = sourcecode.c.objc; path = HIDDevice.m; sourceTree = "<group>"; };
		CCF2BA5915CDBB5B00BB61AD /* ConnexionClient.m */ = {isa = PBXFileReference; fileEncoding = 4; lastKnownFileType = sourcecode.c.objc; path = ConnexionClient.m; sourceTree = "<group>"; };
		CCF2BA5A15CDBB5B00BB61AD /* ConnexionClient.h */ = {isa = PBXFileReference; fileEncoding = 4; lastKnownFileType = sourcecode.c.h; path = ConnexionClient.h; sourceTree = "<group>"; };
		CCF2BA5B15CDBB5B00BB61AD /* ConnexionClientAPI.h */ = {isa = PBXFileReference; fileEncoding = 4; lastKnownFileType = sourcecode.c.h; path = ConnexionClientAPI.h; sourceTree = "<group>"; };
		D2F7E79907B2D74100F64583 /* CoreData.framework */ = {isa = PBXFileReference; lastKnownFileType = wrapper.framework; name = CoreData.framework; path = /System/Library/Frameworks/CoreData.framework; sourceTree = "<absolute>"; };
/* End PBXFileReference section */

/* Begin PBXFrameworksBuildPhase section */
		8DC2EF560486A6940098B216 /* Frameworks */ = {
			isa = PBXFrameworksBuildPhase;
			buildActionMask = 2147483647;
			files = (
				CC7B8E1C1B7AA98400D8C6D1 /* CoreFoundation.framework in Frameworks */,
				8DC2EF570486A6940098B216 /* Cocoa.framework in Frameworks */,
				CC7B8E1A1B7AA7EC00D8C6D1 /* Foundation.framework in Frameworks */,
				CCF18E2115CEB96400B6EB63 /* IOKit.framework in Frameworks */,
			);
			runOnlyForDeploymentPostprocessing = 0;
		};
/* End PBXFrameworksBuildPhase section */

/* Begin PBXGroup section */
		034768DFFF38A50411DB9C8B /* Products */ = {
			isa = PBXGroup;
			children = (
				8DC2EF5B0486A6940098B216 /* 3DconnexionClient.framework */,
			);
			name = Products;
			sourceTree = "<group>";
		};
		0867D691FE84028FC02AAC07 /* 3DconnexionClient */ = {
			isa = PBXGroup;
			children = (
				08FB77AEFE84172EC02AAC07 /* Classes */,
				32C88DFF0371C24200C91783 /* Other Sources */,
				089C1665FE841158C02AAC07 /* Resources */,
				0867D69AFE84028FC02AAC07 /* External Frameworks and Libraries */,
				034768DFFF38A50411DB9C8B /* Products */,
			);
			name = 3DconnexionClient;
			sourceTree = "<group>";
		};
		0867D69AFE84028FC02AAC07 /* External Frameworks and Libraries */ = {
			isa = PBXGroup;
			children = (
				1058C7B0FEA5585E11CA2CBB /* Linked Frameworks */,
				1058C7B2FEA5585E11CA2CBB /* Other Frameworks */,
				CCF18E2015CEB96400B6EB63 /* IOKit.framework */,
			);
			name = "External Frameworks and Libraries";
			sourceTree = "<group>";
		};
		089C1665FE841158C02AAC07 /* Resources */ = {
			isa = PBXGroup;
			children = (
				8DC2EF5A0486A6940098B216 /* Info.plist */,
				089C1666FE841158C02AAC07 /* InfoPlist.strings */,
			);
			name = Resources;
			sourceTree = "<group>";
		};
		08FB77AEFE84172EC02AAC07 /* Classes */ = {
			isa = PBXGroup;
			children = (
				CCD590FA15D6794B00B2DDC3 /* Boxing Classes */,
				CC30CC2315D843C200C94076 /* Configuration Classes */,
				CC30CC2215D843A300C94076 /* Client Connection Classes */,
				CC30CC2115D8438600C94076 /* HID Classes */,
				CCF2BA5915CDBB5B00BB61AD /* ConnexionClient.m */,
				CCF2BA5A15CDBB5B00BB61AD /* ConnexionClient.h */,
				CCF2BA5B15CDBB5B00BB61AD /* ConnexionClientAPI.h */,
			);
			name = Classes;
			sourceTree = "<group>";
		};
		1058C7B0FEA5585E11CA2CBB /* Linked Frameworks */ = {
			isa = PBXGroup;
			children = (
				1058C7B1FEA5585E11CA2CBB /* Cocoa.framework */,
			);
			name = "Linked Frameworks";
			sourceTree = "<group>";
		};
		1058C7B2FEA5585E11CA2CBB /* Other Frameworks */ = {
			isa = PBXGroup;
			children = (
				CC7B8E1B1B7AA98400D8C6D1 /* CoreFoundation.framework */,
				0867D6A5FE840307C02AAC07 /* AppKit.framework */,
				D2F7E79907B2D74100F64583 /* CoreData.framework */,
				0867D69BFE84028FC02AAC07 /* Foundation.framework */,
			);
			name = "Other Frameworks";
			sourceTree = "<group>";
		};
		32C88DFF0371C24200C91783 /* Other Sources */ = {
			isa = PBXGroup;
			children = (
				32DBCF5E0370ADEE00C91783 /* 3DconnexionClient_Prefix.pch */,
			);
			name = "Other Sources";
			sourceTree = "<group>";
		};
		CC30CC2115D8438600C94076 /* HID Classes */ = {
			isa = PBXGroup;
			children = (
				CCF18E2615CEB9A400B6EB63 /* HIDConnection.h */,
				CCF18E2715CEB9A400B6EB63 /* HIDConnection.m */,
				CCF18E2815CEB9A400B6EB63 /* HIDDevice.h */,
				CCF18E2915CEB9A400B6EB63 /* HIDDevice.m */,
			);
			name = "HID Classes";
			sourceTree = "<group>";
		};
		CC30CC2215D843A300C94076 /* Client Connection Classes */ = {
			isa = PBXGroup;
			children = (
				CCEB011215D30AC800007040 /* ConClient.h */,
				CCEB011315D30AC800007040 /* ConClient.m */,
				CC65168715D537EE00637391 /* ConConnection.h */,
				CC65168815D537EE00637391 /* ConConnection.m */,
			);
			name = "Client Connection Classes";
			sourceTree = "<group>";
		};
		CC30CC2315D843C200C94076 /* Configuration Classes */ = {
			isa = PBXGroup;
			children = (
				CC30CC1515D841A000C94076 /* ConfigButton.h */,
				CC30CC1615D841A000C94076 /* ConfigButton.m */,
				CC30CC1D15D8436E00C94076 /* ConfigAxis.h */,
				CC30CC1E15D8436E00C94076 /* ConfigAxis.m */,
				CC30CC3015D8495600C94076 /* ConfigHIDDevice.h */,
				CC30CC3115D8495600C94076 /* ConfigHIDDevice.m */,
			);
			name = "Configuration Classes";
			sourceTree = "<group>";
		};
		CCD590FA15D6794B00B2DDC3 /* Boxing Classes */ = {
			isa = PBXGroup;
			children = (
				CC467B6415D5D175005E7B3B /* BoxIOHIDElementRef.h */,
				CC467B6515D5D175005E7B3B /* BoxIOHIDElementRef.m */,
				CCD590AF15D6723400B2DDC3 /* BoxBOOL.h */,
				CCD590B015D6723400B2DDC3 /* BoxBOOL.m */,
				CC2E990915D6DA38000DE2D7 /* BoxDouble.h */,
				CC2E990A15D6DA38000DE2D7 /* BoxDouble.m */,
			);
			name = "Boxing Classes";
			sourceTree = "<group>";
		};
/* End PBXGroup section */

/* Begin PBXHeadersBuildPhase section */
		8DC2EF500486A6940098B216 /* Headers */ = {
			isa = PBXHeadersBuildPhase;
			buildActionMask = 2147483647;
			files = (
				CCF2BA5D15CDBB5B00BB61AD /* ConnexionClient.h in Headers */,
				CCF2BA5E15CDBB5B00BB61AD /* ConnexionClientAPI.h in Headers */,
				CCF18E2A15CEB9A400B6EB63 /* HIDConnection.h in Headers */,
				CCF18E2C15CEB9A400B6EB63 /* HIDDevice.h in Headers */,
				CCEB011415D30AC800007040 /* ConClient.h in Headers */,
				CC65168915D537EE00637391 /* ConConnection.h in Headers */,
				CC467B6615D5D175005E7B3B /* BoxIOHIDElementRef.h in Headers */,
				CCD590B115D6723400B2DDC3 /* BoxBOOL.h in Headers */,
				CC2E990B15D6DA38000DE2D7 /* BoxDouble.h in Headers */,
				CC30CC1715D841A000C94076 /* ConfigButton.h in Headers */,
				CC7B8E431B7AB75D00D8C6D1 /* 3DconnexionClient_Prefix.pch in Headers */,
				CC30CC1F15D8436E00C94076 /* ConfigAxis.h in Headers */,
				CC30CC3215D8495600C94076 /* ConfigHIDDevice.h in Headers */,
			);
			runOnlyForDeploymentPostprocessing = 0;
		};
/* End PBXHeadersBuildPhase section */

/* Begin PBXNativeTarget section */
		8DC2EF4F0486A6940098B216 /* 3DconnexionClient */ = {
			isa = PBXNativeTarget;
			buildConfigurationList = 1DEB91AD08733DA50010E9CD /* Build configuration list for PBXNativeTarget "3DconnexionClient" */;
			buildPhases = (
				8DC2EF500486A6940098B216 /* Headers */,
				8DC2EF520486A6940098B216 /* Resources */,
				8DC2EF540486A6940098B216 /* Sources */,
				8DC2EF560486A6940098B216 /* Frameworks */,
				CCF18EED15CEC91F00B6EB63 /* CopyFiles */,
			);
			buildRules = (
			);
			dependencies = (
			);
			name = 3DconnexionClient;
			productInstallPath = "$(HOME)/Library/Frameworks";
			productName = 3DconnexionClient;
			productReference = 8DC2EF5B0486A6940098B216 /* 3DconnexionClient.framework */;
			productType = "com.apple.product-type.framework";
		};
/* End PBXNativeTarget section */

/* Begin PBXProject section */
		0867D690FE84028FC02AAC07 /* Project object */ = {
			isa = PBXProject;
			attributes = {
				LastUpgradeCheck = 1250;
				TargetAttributes = {
					8DC2EF4F0486A6940098B216 = {
						DevelopmentTeam = SQ837JJYGQ;
					};
				};
			};
			buildConfigurationList = 1DEB91B108733DA50010E9CD /* Build configuration list for PBXProject "3DconnexionClient" */;
			compatibilityVersion = "Xcode 3.2";
			developmentRegion = en;
			hasScannedForEncodings = 1;
			knownRegions = (
				ja,
				en,
				Base,
				fr,
				de,
			);
			mainGroup = 0867D691FE84028FC02AAC07 /* 3DconnexionClient */;
			productRefGroup = 034768DFFF38A50411DB9C8B /* Products */;
			projectDirPath = "";
			projectRoot = "";
			targets = (
				8DC2EF4F0486A6940098B216 /* 3DconnexionClient */,
			);
		};
/* End PBXProject section */

/* Begin PBXResourcesBuildPhase section */
		8DC2EF520486A6940098B216 /* Resources */ = {
			isa = PBXResourcesBuildPhase;
			buildActionMask = 2147483647;
			files = (
				8DC2EF530486A6940098B216 /* InfoPlist.strings in Resources */,
			);
			runOnlyForDeploymentPostprocessing = 0;
		};
/* End PBXResourcesBuildPhase section */

/* Begin PBXSourcesBuildPhase section */
		8DC2EF540486A6940098B216 /* Sources */ = {
			isa = PBXSourcesBuildPhase;
			buildActionMask = 2147483647;
			files = (
				CCF2BA5C15CDBB5B00BB61AD /* ConnexionClient.m in Sources */,
				CCF18E2B15CEB9A400B6EB63 /* HIDConnection.m in Sources */,
				CCF18E2D15CEB9A400B6EB63 /* HIDDevice.m in Sources */,
				CCEB011515D30AC800007040 /* ConClient.m in Sources */,
				CC65168A15D537EE00637391 /* ConConnection.m in Sources */,
				CC467B6715D5D175005E7B3B /* BoxIOHIDElementRef.m in Sources */,
				CCD590B215D6723400B2DDC3 /* BoxBOOL.m in Sources */,
				CC2E990C15D6DA38000DE2D7 /* BoxDouble.m in Sources */,
				CC30CC1815D841A000C94076 /* ConfigButton.m in Sources */,
				CC30CC2015D8436E00C94076 /* ConfigAxis.m in Sources */,
				CC30CC3315D8495600C94076 /* ConfigHIDDevice.m in Sources */,
			);
			runOnlyForDeploymentPostprocessing = 0;
		};
/* End PBXSourcesBuildPhase section */

/* Begin PBXVariantGroup section */
		089C1666FE841158C02AAC07 /* InfoPlist.strings */ = {
			isa = PBXVariantGroup;
			children = (
				CCC8F132248BD101003A8E44 /* en */,
			);
			name = InfoPlist.strings;
			sourceTree = "<group>";
		};
/* End PBXVariantGroup section */

/* Begin XCBuildConfiguration section */
		1DEB91AE08733DA50010E9CD /* Debug */ = {
			isa = XCBuildConfiguration;
			buildSettings = {
				ALWAYS_SEARCH_USER_PATHS = NO;
				CLANG_ENABLE_MODULES = YES;
				CLANG_ENABLE_OBJC_ARC = NO;
				CLANG_ENABLE_OBJC_WEAK = YES;
				CODE_SIGN_IDENTITY = "";
				COMBINE_HIDPI_IMAGES = YES;
				COPY_PHASE_STRIP = NO;
				CURRENT_PROJECT_VERSION = 1;
				DEFINES_MODULE = NO;
				DEVELOPMENT_TEAM = SQ837JJYGQ;
				DYLIB_COMPATIBILITY_VERSION = 1;
				DYLIB_CURRENT_VERSION = 1;
				DYLIB_INSTALL_NAME_BASE = "@rpath";
				FRAMEWORK_VERSION = A;
				GCC_DYNAMIC_NO_PIC = NO;
				GCC_OPTIMIZATION_LEVEL = 0;
				GCC_PRECOMPILE_PREFIX_HEADER = YES;
				GCC_PREFIX_HEADER = 3DconnexionClient_Prefix.pch;
				INFOPLIST_FILE = Info.plist;
				INSTALL_PATH = "~/Library/Frameworks/";
				LD_RUNPATH_SEARCH_PATHS = "$(inherited) @executable_path/../Frameworks @loader_path/Frameworks";
				MACOSX_DEPLOYMENT_TARGET = 10.12;
				ONLY_ACTIVE_ARCH = NO;
				PRODUCT_BUNDLE_IDENTIFIER = com.3dconnexion.driver.client;
				PRODUCT_MODULE_NAME = 3DconnexionClient;
				PRODUCT_NAME = 3DconnexionClient;
				SKIP_INSTALL = YES;
			};
			name = Debug;
		};
		1DEB91AF08733DA50010E9CD /* Release */ = {
			isa = XCBuildConfiguration;
			buildSettings = {
				ALWAYS_SEARCH_USER_PATHS = NO;
				CLANG_ENABLE_MODULES = YES;
				CLANG_ENABLE_OBJC_ARC = NO;
				CLANG_ENABLE_OBJC_WEAK = YES;
				CODE_SIGN_IDENTITY = "";
				COMBINE_HIDPI_IMAGES = YES;
				CURRENT_PROJECT_VERSION = 1;
				DEBUG_INFORMATION_FORMAT = "dwarf-with-dsym";
				DEFINES_MODULE = NO;
				DEVELOPMENT_TEAM = SQ837JJYGQ;
				DYLIB_COMPATIBILITY_VERSION = 1;
				DYLIB_CURRENT_VERSION = 1;
				DYLIB_INSTALL_NAME_BASE = "@rpath";
				FRAMEWORK_VERSION = A;
				GCC_PRECOMPILE_PREFIX_HEADER = YES;
				GCC_PREFIX_HEADER = 3DconnexionClient_Prefix.pch;
				INFOPLIST_FILE = Info.plist;
				INSTALL_PATH = "~/Library/Frameworks/";
				LD_RUNPATH_SEARCH_PATHS = "$(inherited) @executable_path/../Frameworks @loader_path/Frameworks";
				MACOSX_DEPLOYMENT_TARGET = 10.12;
				ONLY_ACTIVE_ARCH = NO;
				PRODUCT_BUNDLE_IDENTIFIER = com.3dconnexion.driver.client;
				PRODUCT_MODULE_NAME = 3DconnexionClient;
				PRODUCT_NAME = 3DconnexionClient;
				SKIP_INSTALL = YES;
			};
			name = Release;
		};
		1DEB91B208733DA50010E9CD /* Debug */ = {
			isa = XCBuildConfiguration;
			buildSettings = {
				CLANG_ANALYZER_LOCALIZABILITY_NONLOCALIZED = YES;
				CLANG_CXX_LANGUAGE_STANDARD = "compiler-default";
				CLANG_CXX_LIBRARY = "compiler-default";
				CLANG_WARN_BLOCK_CAPTURE_AUTORELEASING = YES;
				CLANG_WARN_BOOL_CONVERSION = YES;
				CLANG_WARN_COMMA = YES;
				CLANG_WARN_CONSTANT_CONVERSION = YES;
				CLANG_WARN_DEPRECATED_OBJC_IMPLEMENTATIONS = YES;
				CLANG_WARN_EMPTY_BODY = YES;
				CLANG_WARN_ENUM_CONVERSION = YES;
				CLANG_WARN_INFINITE_RECURSION = YES;
				CLANG_WARN_INT_CONVERSION = YES;
				CLANG_WARN_NON_LITERAL_NULL_CONVERSION = YES;
				CLANG_WARN_OBJC_IMPLICIT_RETAIN_SELF = YES;
				CLANG_WARN_OBJC_LITERAL_CONVERSION = YES;
				CLANG_WARN_QUOTED_INCLUDE_IN_FRAMEWORK_HEADER = YES;
				CLANG_WARN_RANGE_LOOP_ANALYSIS = YES;
				CLANG_WARN_STRICT_PROTOTYPES = YES;
				CLANG_WARN_SUSPICIOUS_MOVE = YES;
				CLANG_WARN_UNREACHABLE_CODE = YES;
				CLANG_WARN__DUPLICATE_METHOD_MATCH = YES;
				ENABLE_HARDENED_RUNTIME = YES;
				ENABLE_STRICT_OBJC_MSGSEND = YES;
				ENABLE_TESTABILITY = YES;
				GCC_C_LANGUAGE_STANDARD = gnu99;
				GCC_NO_COMMON_BLOCKS = YES;
				GCC_OPTIMIZATION_LEVEL = 0;
				GCC_WARN_64_TO_32_BIT_CONVERSION = YES;
				GCC_WARN_ABOUT_RETURN_TYPE = YES;
				GCC_WARN_UNDECLARED_SELECTOR = YES;
				GCC_WARN_UNINITIALIZED_AUTOS = YES;
				GCC_WARN_UNUSED_FUNCTION = YES;
				GCC_WARN_UNUSED_VARIABLE = YES;
				MACOSX_DEPLOYMENT_TARGET = 10.12;
				ONLY_ACTIVE_ARCH = YES;
				PRODUCT_NAME = "$(TARGET_NAME:c99extidentifier)";
				SDKROOT = macosx;
			};
			name = Debug;
		};
		1DEB91B308733DA50010E9CD /* Release */ = {
			isa = XCBuildConfiguration;
			buildSettings = {
				CLANG_ANALYZER_LOCALIZABILITY_NONLOCALIZED = YES;
				CLANG_CXX_LANGUAGE_STANDARD = "compiler-default";
				CLANG_CXX_LIBRARY = "compiler-default";
				CLANG_WARN_BLOCK_CAPTURE_AUTORELEASING = YES;
				CLANG_WARN_BOOL_CONVERSION = YES;
				CLANG_WARN_COMMA = YES;
				CLANG_WARN_CONSTANT_CONVERSION = YES;
				CLANG_WARN_DEPRECATED_OBJC_IMPLEMENTATIONS = YES;
				CLANG_WARN_EMPTY_BODY = YES;
				CLANG_WARN_ENUM_CONVERSION = YES;
				CLANG_WARN_INFINITE_RECURSION = YES;
				CLANG_WARN_INT_CONVERSION = YES;
				CLANG_WARN_NON_LITERAL_NULL_CONVERSION = YES;
				CLANG_WARN_OBJC_IMPLICIT_RETAIN_SELF = YES;
				CLANG_WARN_OBJC_LITERAL_CONVERSION = YES;
				CLANG_WARN_QUOTED_INCLUDE_IN_FRAMEWORK_HEADER = YES;
				CLANG_WARN_RANGE_LOOP_ANALYSIS = YES;
				CLANG_WARN_STRICT_PROTOTYPES = YES;
				CLANG_WARN_SUSPICIOUS_MOVE = YES;
				CLANG_WARN_UNREACHABLE_CODE = YES;
				CLANG_WARN__DUPLICATE_METHOD_MATCH = YES;
				ENABLE_HARDENED_RUNTIME = YES;
				ENABLE_STRICT_OBJC_MSGSEND = YES;
				GCC_C_LANGUAGE_STANDARD = gnu99;
				GCC_NO_COMMON_BLOCKS = YES;
				GCC_WARN_64_TO_32_BIT_CONVERSION = YES;
				GCC_WARN_ABOUT_RETURN_TYPE = YES;
				GCC_WARN_UNDECLARED_SELECTOR = YES;
				GCC_WARN_UNINITIALIZED_AUTOS = YES;
				GCC_WARN_UNUSED_FUNCTION = YES;
				GCC_WARN_UNUSED_VARIABLE = YES;
				MACOSX_DEPLOYMENT_TARGET = 10.12;
				ONLY_ACTIVE_ARCH = YES;
				PRODUCT_NAME = "$(TARGET_NAME:c99extidentifier)";
				SDKROOT = macosx;
			};
			name = Release;
		};
/* End XCBuildConfiguration section */

/* Begin XCConfigurationList section */
		1DEB91AD08733DA50010E9CD /* Build configuration list for PBXNativeTarget "3DconnexionClient" */ = {
			isa = XCConfigurationList;
			buildConfigurations = (
				1DEB91AE08733DA50010E9CD /* Debug */,
				1DEB91AF08733DA50010E9CD /* Release */,
			);
			defaultConfigurationIsVisible = 0;
			defaultConfigurationName = Release;
		};
		1DEB91B108733DA50010E9CD /* Build configuration list for PBXProject "3DconnexionClient" */ = {
			isa = XCConfigurationList;
			buildConfigurations = (
				1DEB91B208733DA50010E9CD /* Debug */,
				1DEB91B308733DA50010E9CD /* Release */,
			);
			defaultConfigurationIsVisible = 0;
			defaultConfigurationName = Release;
		};
/* End XCConfigurationList section */
	};
	rootObject = 0867D690FE84028FC02AAC07 /* Project object */;
}
